// !$*UTF8*$!
{
	archiveVersion = 1;
	classes = {
	};
	objectVersion = 56;
	objects = {

/* Begin PBXBuildFile section */
		013729CE2B2910710025F84F /* LaunchAtLoginController.m in Sources */ = {isa = PBXBuildFile; fileRef = 013729CD2B2910710025F84F /* LaunchAtLoginController.m */; };
		01A5FF1E2B28E9CC00F2ACFE /* Credits.rtf in Resources */ = {isa = PBXBuildFile; fileRef = 01A5FF1D2B28E9CC00F2ACFE /* Credits.rtf */; };
		01B2104B2B277BD600255F2F /* AppDelegate.swift in Sources */ = {isa = PBXBuildFile; fileRef = 01B2104A2B277BD600255F2F /* AppDelegate.swift */; };
		01B2104D2B277BD700255F2F /* Assets.xcassets in Resources */ = {isa = PBXBuildFile; fileRef = 01B2104C2B277BD700255F2F /* Assets.xcassets */; };
		01B210502B277BD700255F2F /* MainMenu.xib in Resources */ = {isa = PBXBuildFile; fileRef = 01B2104E2B277BD700255F2F /* MainMenu.xib */; };
		01F11C422B29089900B8D09B /* LetsMove in Frameworks */ = {isa = PBXBuildFile; productRef = 01F11C412B29089900B8D09B /* LetsMove */; };
/* End PBXBuildFile section */

/* Begin PBXFileReference section */
		013729CB2B2910490025F84F /* LaunchAtLoginController.h */ = {isa = PBXFileReference; lastKnownFileType = sourcecode.c.h; path = LaunchAtLoginController.h; sourceTree = "<group>"; };
		013729CC2B2910700025F84F /* BatterySaverToggle-Bridging-Header.h */ = {isa = PBXFileReference; lastKnownFileType = sourcecode.c.h; path = "BatterySaverToggle-Bridging-Header.h"; sourceTree = "<group>"; };
		013729CD2B2910710025F84F /* LaunchAtLoginController.m */ = {isa = PBXFileReference; lastKnownFileType = sourcecode.c.objc; path = LaunchAtLoginController.m; sourceTree = "<group>"; };
		01A5FF1D2B28E9CC00F2ACFE /* Credits.rtf */ = {isa = PBXFileReference; lastKnownFileType = text.rtf; path = Credits.rtf; sourceTree = "<group>"; };
		01B210472B277BD600255F2F /* BatterySaverToggle.app */ = {isa = PBXFileReference; explicitFileType = wrapper.application; includeInIndex = 0; path = BatterySaverToggle.app; sourceTree = BUILT_PRODUCTS_DIR; };
		01B2104A2B277BD600255F2F /* AppDelegate.swift */ = {isa = PBXFileReference; lastKnownFileType = sourcecode.swift; path = AppDelegate.swift; sourceTree = "<group>"; };
		01B2104C2B277BD700255F2F /* Assets.xcassets */ = {isa = PBXFileReference; lastKnownFileType = folder.assetcatalog; path = Assets.xcassets; sourceTree = "<group>"; };
		01B2104F2B277BD700255F2F /* Base */ = {isa = PBXFileReference; lastKnownFileType = file.xib; name = Base; path = Base.lproj/MainMenu.xib; sourceTree = "<group>"; };
		01B210512B277BD700255F2F /* BatterySaverToggle.entitlements */ = {isa = PBXFileReference; lastKnownFileType = text.plist.entitlements; path = BatterySaverToggle.entitlements; sourceTree = "<group>"; };
/* End PBXFileReference section */

/* Begin PBXFrameworksBuildPhase section */
		01B210442B277BD600255F2F /* Frameworks */ = {
			isa = PBXFrameworksBuildPhase;
			buildActionMask = 2147483647;
			files = (
				01F11C422B29089900B8D09B /* LetsMove in Frameworks */,
			);
			runOnlyForDeploymentPostprocessing = 0;
		};
/* End PBXFrameworksBuildPhase section */

/* Begin PBXGroup section */
		01B2103E2B277BD600255F2F = {
			isa = PBXGroup;
			children = (
				01B210492B277BD600255F2F /* BatterySaverToggle */,
				01B210482B277BD600255F2F /* Products */,
			);
			sourceTree = "<group>";
		};
		01B210482B277BD600255F2F /* Products */ = {
			isa = PBXGroup;
			children = (
				01B210472B277BD600255F2F /* BatterySaverToggle.app */,
			);
			name = Products;
			sourceTree = "<group>";
		};
		01B210492B277BD600255F2F /* BatterySaverToggle */ = {
			isa = PBXGroup;
			children = (
				01A5FF1D2B28E9CC00F2ACFE /* Credits.rtf */,
				01B2104A2B277BD600255F2F /* AppDelegate.swift */,
				01B2104C2B277BD700255F2F /* Assets.xcassets */,
				01B2104E2B277BD700255F2F /* MainMenu.xib */,
				01B210512B277BD700255F2F /* BatterySaverToggle.entitlements */,
				013729CB2B2910490025F84F /* LaunchAtLoginController.h */,
				013729CD2B2910710025F84F /* LaunchAtLoginController.m */,
				013729CC2B2910700025F84F /* BatterySaverToggle-Bridging-Header.h */,
			);
			path = BatterySaverToggle;
			sourceTree = "<group>";
		};
/* End PBXGroup section */

/* Begin PBXNativeTarget section */
		01B210462B277BD600255F2F /* BatterySaverToggle */ = {
			isa = PBXNativeTarget;
			buildConfigurationList = 01B210542B277BD700255F2F /* Build configuration list for PBXNativeTarget "BatterySaverToggle" */;
			buildPhases = (
				01B210432B277BD600255F2F /* Sources */,
				01B210442B277BD600255F2F /* Frameworks */,
				01B210452B277BD600255F2F /* Resources */,
			);
			buildRules = (
			);
			dependencies = (
			);
			name = BatterySaverToggle;
			packageProductDependencies = (
				01F11C412B29089900B8D09B /* LetsMove */,
			);
			productName = BatterySaverToggle;
			productReference = 01B210472B277BD600255F2F /* BatterySaverToggle.app */;
			productType = "com.apple.product-type.application";
		};
/* End PBXNativeTarget section */

/* Begin PBXProject section */
		01B2103F2B277BD600255F2F /* Project object */ = {
			isa = PBXProject;
			attributes = {
				BuildIndependentTargetsInParallel = 1;
				LastSwiftUpdateCheck = 1500;
				LastUpgradeCheck = 1500;
				TargetAttributes = {
					01B210462B277BD600255F2F = {
						CreatedOnToolsVersion = 15.0.1;
						LastSwiftMigration = 1500;
					};
				};
			};
			buildConfigurationList = 01B210422B277BD600255F2F /* Build configuration list for PBXProject "BatterySaverToggle" */;
			compatibilityVersion = "Xcode 14.0";
			developmentRegion = en;
			hasScannedForEncodings = 0;
			knownRegions = (
				en,
				Base,
			);
			mainGroup = 01B2103E2B277BD600255F2F;
			packageReferences = (
				01F11C402B29089900B8D09B /* XCRemoteSwiftPackageReference "LetsMove" */,
			);
			productRefGroup = 01B210482B277BD600255F2F /* Products */;
			projectDirPath = "";
			projectRoot = "";
			targets = (
				01B210462B277BD600255F2F /* BatterySaverToggle */,
			);
		};
/* End PBXProject section */

/* Begin PBXResourcesBuildPhase section */
		01B210452B277BD600255F2F /* Resources */ = {
			isa = PBXResourcesBuildPhase;
			buildActionMask = 2147483647;
			files = (
				01B2104D2B277BD700255F2F /* Assets.xcassets in Resources */,
				01A5FF1E2B28E9CC00F2ACFE /* Credits.rtf in Resources */,
				01B210502B277BD700255F2F /* MainMenu.xib in Resources */,
			);
			runOnlyForDeploymentPostprocessing = 0;
		};
/* End PBXResourcesBuildPhase section */

/* Begin PBXSourcesBuildPhase section */
		01B210432B277BD600255F2F /* Sources */ = {
			isa = PBXSourcesBuildPhase;
			buildActionMask = 2147483647;
			files = (
				01B2104B2B277BD600255F2F /* AppDelegate.swift in Sources */,
				013729CE2B2910710025F84F /* LaunchAtLoginController.m in Sources */,
			);
			runOnlyForDeploymentPostprocessing = 0;
		};
/* End PBXSourcesBuildPhase section */

/* Begin PBXVariantGroup section */
		01B2104E2B277BD700255F2F /* MainMenu.xib */ = {
			isa = PBXVariantGroup;
			children = (
				01B2104F2B277BD700255F2F /* Base */,
			);
			name = MainMenu.xib;
			sourceTree = "<group>";
		};
/* End PBXVariantGroup section */

/* Begin XCBuildConfiguration section */
		01B210522B277BD700255F2F /* Debug */ = {
			isa = XCBuildConfiguration;
			buildSettings = {
				ALWAYS_SEARCH_USER_PATHS = NO;
				ASSETCATALOG_COMPILER_GENERATE_SWIFT_ASSET_SYMBOL_EXTENSIONS = YES;
				CLANG_ANALYZER_NONNULL = YES;
				CLANG_ANALYZER_NUMBER_OBJECT_CONVERSION = YES_AGGRESSIVE;
				CLANG_CXX_LANGUAGE_STANDARD = "gnu++20";
				CLANG_ENABLE_MODULES = YES;
				CLANG_ENABLE_OBJC_ARC = YES;
				CLANG_ENABLE_OBJC_WEAK = YES;
				CLANG_WARN_BLOCK_CAPTURE_AUTORELEASING = YES;
				CLANG_WARN_BOOL_CONVERSION = YES;
				CLANG_WARN_COMMA = YES;
				CLANG_WARN_CONSTANT_CONVERSION = YES;
				CLANG_WARN_DEPRECATED_OBJC_IMPLEMENTATIONS = YES;
				CLANG_WARN_DIRECT_OBJC_ISA_USAGE = YES_ERROR;
				CLANG_WARN_DOCUMENTATION_COMMENTS = YES;
				CLANG_WARN_EMPTY_BODY = YES;
				CLANG_WARN_ENUM_CONVERSION = YES;
				CLANG_WARN_INFINITE_RECURSION = YES;
				CLANG_WARN_INT_CONVERSION = YES;
				CLANG_WARN_NON_LITERAL_NULL_CONVERSION = YES;
				CLANG_WARN_OBJC_IMPLICIT_RETAIN_SELF = YES;
				CLANG_WARN_OBJC_LITERAL_CONVERSION = YES;
				CLANG_WARN_OBJC_ROOT_CLASS = YES_ERROR;
				CLANG_WARN_QUOTED_INCLUDE_IN_FRAMEWORK_HEADER = YES;
				CLANG_WARN_RANGE_LOOP_ANALYSIS = YES;
				CLANG_WARN_STRICT_PROTOTYPES = YES;
				CLANG_WARN_SUSPICIOUS_MOVE = YES;
				CLANG_WARN_UNGUARDED_AVAILABILITY = YES_AGGRESSIVE;
				CLANG_WARN_UNREACHABLE_CODE = YES;
				CLANG_WARN__DUPLICATE_METHOD_MATCH = YES;
				COPY_PHASE_STRIP = NO;
				DEBUG_INFORMATION_FORMAT = dwarf;
				ENABLE_STRICT_OBJC_MSGSEND = YES;
				ENABLE_TESTABILITY = YES;
				ENABLE_USER_SCRIPT_SANDBOXING = YES;
				GCC_C_LANGUAGE_STANDARD = gnu17;
				GCC_DYNAMIC_NO_PIC = NO;
				GCC_NO_COMMON_BLOCKS = YES;
				GCC_OPTIMIZATION_LEVEL = 0;
				GCC_PREPROCESSOR_DEFINITIONS = (
					"DEBUG=1",
					"$(inherited)",
				);
				GCC_WARN_64_TO_32_BIT_CONVERSION = YES;
				GCC_WARN_ABOUT_RETURN_TYPE = YES_ERROR;
				GCC_WARN_UNDECLARED_SELECTOR = YES;
				GCC_WARN_UNINITIALIZED_AUTOS = YES_AGGRESSIVE;
				GCC_WARN_UNUSED_FUNCTION = YES;
				GCC_WARN_UNUSED_VARIABLE = YES;
				LOCALIZATION_PREFERS_STRING_CATALOGS = YES;
				MACOSX_DEPLOYMENT_TARGET = 14.0;
				MTL_ENABLE_DEBUG_INFO = INCLUDE_SOURCE;
				MTL_FAST_MATH = YES;
				ONLY_ACTIVE_ARCH = YES;
				SDKROOT = macosx;
				SWIFT_ACTIVE_COMPILATION_CONDITIONS = "DEBUG $(inherited)";
				SWIFT_OPTIMIZATION_LEVEL = "-Onone";
			};
			name = Debug;
		};
		01B210532B277BD700255F2F /* Release */ = {
			isa = XCBuildConfiguration;
			buildSettings = {
				ALWAYS_SEARCH_USER_PATHS = NO;
				ASSETCATALOG_COMPILER_GENERATE_SWIFT_ASSET_SYMBOL_EXTENSIONS = YES;
				CLANG_ANALYZER_NONNULL = YES;
				CLANG_ANALYZER_NUMBER_OBJECT_CONVERSION = YES_AGGRESSIVE;
				CLANG_CXX_LANGUAGE_STANDARD = "gnu++20";
				CLANG_ENABLE_MODULES = YES;
				CLANG_ENABLE_OBJC_ARC = YES;
				CLANG_ENABLE_OBJC_WEAK = YES;
				CLANG_WARN_BLOCK_CAPTURE_AUTORELEASING = YES;
				CLANG_WARN_BOOL_CONVERSION = YES;
				CLANG_WARN_COMMA = YES;
				CLANG_WARN_CONSTANT_CONVERSION = YES;
				CLANG_WARN_DEPRECATED_OBJC_IMPLEMENTATIONS = YES;
				CLANG_WARN_DIRECT_OBJC_ISA_USAGE = YES_ERROR;
				CLANG_WARN_DOCUMENTATION_COMMENTS = YES;
				CLANG_WARN_EMPTY_BODY = YES;
				CLANG_WARN_ENUM_CONVERSION = YES;
				CLANG_WARN_INFINITE_RECURSION = YES;
				CLANG_WARN_INT_CONVERSION = YES;
				CLANG_WARN_NON_LITERAL_NULL_CONVERSION = YES;
				CLANG_WARN_OBJC_IMPLICIT_RETAIN_SELF = YES;
				CLANG_WARN_OBJC_LITERAL_CONVERSION = YES;
				CLANG_WARN_OBJC_ROOT_CLASS = YES_ERROR;
				CLANG_WARN_QUOTED_INCLUDE_IN_FRAMEWORK_HEADER = YES;
				CLANG_WARN_RANGE_LOOP_ANALYSIS = YES;
				CLANG_WARN_STRICT_PROTOTYPES = YES;
				CLANG_WARN_SUSPICIOUS_MOVE = YES;
				CLANG_WARN_UNGUARDED_AVAILABILITY = YES_AGGRESSIVE;
				CLANG_WARN_UNREACHABLE_CODE = YES;
				CLANG_WARN__DUPLICATE_METHOD_MATCH = YES;
				COPY_PHASE_STRIP = NO;
				DEBUG_INFORMATION_FORMAT = "dwarf-with-dsym";
				ENABLE_NS_ASSERTIONS = NO;
				ENABLE_STRICT_OBJC_MSGSEND = YES;
				ENABLE_USER_SCRIPT_SANDBOXING = YES;
				GCC_C_LANGUAGE_STANDARD = gnu17;
				GCC_NO_COMMON_BLOCKS = YES;
				GCC_WARN_64_TO_32_BIT_CONVERSION = YES;
				GCC_WARN_ABOUT_RETURN_TYPE = YES_ERROR;
				GCC_WARN_UNDECLARED_SELECTOR = YES;
				GCC_WARN_UNINITIALIZED_AUTOS = YES_AGGRESSIVE;
				GCC_WARN_UNUSED_FUNCTION = YES;
				GCC_WARN_UNUSED_VARIABLE = YES;
				LOCALIZATION_PREFERS_STRING_CATALOGS = YES;
				MACOSX_DEPLOYMENT_TARGET = 14.0;
				MTL_ENABLE_DEBUG_INFO = NO;
				MTL_FAST_MATH = YES;
				SDKROOT = macosx;
				SWIFT_COMPILATION_MODE = wholemodule;
			};
			name = Release;
		};
		01B210552B277BD700255F2F /* Debug */ = {
			isa = XCBuildConfiguration;
			buildSettings = {
				ASSETCATALOG_COMPILER_APPICON_NAME = AppIcon;
				CLANG_ENABLE_MODULES = YES;
				CODE_SIGN_ENTITLEMENTS = BatterySaverToggle/BatterySaverToggle.entitlements;
				CODE_SIGN_STYLE = Automatic;
				COMBINE_HIDPI_IMAGES = YES;
				CURRENT_PROJECT_VERSION = 1;
				ENABLE_USER_SCRIPT_SANDBOXING = NO;
				GENERATE_INFOPLIST_FILE = YES;
				INFOPLIST_KEY_LSUIElement = YES;
				INFOPLIST_KEY_NSHumanReadableCopyright = "Copyright 2023 nift4";
				INFOPLIST_KEY_NSMainNibFile = MainMenu;
				INFOPLIST_KEY_NSPrincipalClass = NSApplication;
				LD_RUNPATH_SEARCH_PATHS = (
					"$(inherited)",
					"@executable_path/../Frameworks",
				);
				MARKETING_VERSION = 1.0;
				PRODUCT_BUNDLE_IDENTIFIER = org.nift4.BatterySaverToggle;
				PRODUCT_NAME = "$(TARGET_NAME)";
				SWIFT_EMIT_LOC_STRINGS = YES;
				SWIFT_OBJC_BRIDGING_HEADER = "BatterySaverToggle/BatterySaverToggle-Bridging-Header.h";
				SWIFT_OPTIMIZATION_LEVEL = "-Onone";
				SWIFT_VERSION = 5.0;
			};
			name = Debug;
		};
		01B210562B277BD700255F2F /* Release */ = {
			isa = XCBuildConfiguration;
			buildSettings = {
				ASSETCATALOG_COMPILER_APPICON_NAME = AppIcon;
				CLANG_ENABLE_MODULES = YES;
				CODE_SIGN_ENTITLEMENTS = BatterySaverToggle/BatterySaverToggle.entitlements;
				CODE_SIGN_STYLE = Automatic;
				COMBINE_HIDPI_IMAGES = YES;
				CURRENT_PROJECT_VERSION = 1;
				ENABLE_USER_SCRIPT_SANDBOXING = NO;
				GENERATE_INFOPLIST_FILE = YES;
				INFOPLIST_KEY_LSUIElement = YES;
				INFOPLIST_KEY_NSHumanReadableCopyright = "Copyright 2023 nift4";
				INFOPLIST_KEY_NSMainNibFile = MainMenu;
				INFOPLIST_KEY_NSPrincipalClass = NSApplication;
				LD_RUNPATH_SEARCH_PATHS = (
					"$(inherited)",
					"@executable_path/../Frameworks",
				);
				MARKETING_VERSION = 1.0;
				PRODUCT_BUNDLE_IDENTIFIER = org.nift4.BatterySaverToggle;
				PRODUCT_NAME = "$(TARGET_NAME)";
				SWIFT_EMIT_LOC_STRINGS = YES;
				SWIFT_OBJC_BRIDGING_HEADER = "BatterySaverToggle/BatterySaverToggle-Bridging-Header.h";
				SWIFT_VERSION = 5.0;
			};
			name = Release;
		};
/* End XCBuildConfiguration section */

/* Begin XCConfigurationList section */
		01B210422B277BD600255F2F /* Build configuration list for PBXProject "BatterySaverToggle" */ = {
			isa = XCConfigurationList;
			buildConfigurations = (
				01B210522B277BD700255F2F /* Debug */,
				01B210532B277BD700255F2F /* Release */,
			);
			defaultConfigurationIsVisible = 0;
			defaultConfigurationName = Release;
		};
		01B210542B277BD700255F2F /* Build configuration list for PBXNativeTarget "BatterySaverToggle" */ = {
			isa = XCConfigurationList;
			buildConfigurations = (
				01B210552B277BD700255F2F /* Debug */,
				01B210562B277BD700255F2F /* Release */,
			);
			defaultConfigurationIsVisible = 0;
			defaultConfigurationName = Release;
		};
/* End XCConfigurationList section */

/* Begin XCRemoteSwiftPackageReference section */
		01F11C402B29089900B8D09B /* XCRemoteSwiftPackageReference "LetsMove" */ = {
			isa = XCRemoteSwiftPackageReference;
			repositoryURL = "https://github.com/mattprowse/LetsMove";
			requirement = {
				branch = "add-spm-support";
				kind = branch;
			};
		};
/* End XCRemoteSwiftPackageReference section */

/* Begin XCSwiftPackageProductDependency section */
		01F11C412B29089900B8D09B /* LetsMove */ = {
			isa = XCSwiftPackageProductDependency;
			package = 01F11C402B29089900B8D09B /* XCRemoteSwiftPackageReference "LetsMove" */;
			productName = LetsMove;
		};
/* End XCSwiftPackageProductDependency section */
	};
	rootObject = 01B2103F2B277BD600255F2F /* Project object */;
}
